// !$*UTF8*$!
{
	archiveVersion = 1;
	classes = {
	};
	objectVersion = 55;
	objects = {

/* Begin PBXBuildFile section */
		C040A9752802C74E00026D2E /* DiscoverView.swift in Sources */ = {isa = PBXBuildFile; fileRef = C040A9742802C74E00026D2E /* DiscoverView.swift */; };
		C040A9772802C76B00026D2E /* PersonalGalleryView.swift in Sources */ = {isa = PBXBuildFile; fileRef = C040A9762802C76B00026D2E /* PersonalGalleryView.swift */; };
		C040A9792802C77800026D2E /* LogInView.swift in Sources */ = {isa = PBXBuildFile; fileRef = C040A9782802C77800026D2E /* LogInView.swift */; };
		C040A97B2802C78C00026D2E /* SettingsView.swift in Sources */ = {isa = PBXBuildFile; fileRef = C040A97A2802C78C00026D2E /* SettingsView.swift */; };
		C040A97D2802C7CF00026D2E /* SelectedCollection.swift in Sources */ = {isa = PBXBuildFile; fileRef = C040A97C2802C7CF00026D2E /* SelectedCollection.swift */; };
		C07965E827F5F301001A252B /* AppDelegate.swift in Sources */ = {isa = PBXBuildFile; fileRef = C07965E727F5F301001A252B /* AppDelegate.swift */; };
		C07965EA27F5F301001A252B /* ContentView.swift in Sources */ = {isa = PBXBuildFile; fileRef = C07965E927F5F301001A252B /* ContentView.swift */; };
		C07965EC27F5F301001A252B /* Experience.rcproject in Sources */ = {isa = PBXBuildFile; fileRef = C07965EB27F5F301001A252B /* Experience.rcproject */; };
		C07965EE27F5F304001A252B /* Assets.xcassets in Resources */ = {isa = PBXBuildFile; fileRef = C07965ED27F5F304001A252B /* Assets.xcassets */; };
		C07965F127F5F304001A252B /* Preview Assets.xcassets in Resources */ = {isa = PBXBuildFile; fileRef = C07965F027F5F304001A252B /* Preview Assets.xcassets */; };
/* End PBXBuildFile section */

/* Begin PBXFileReference section */
		C040A9742802C74E00026D2E /* DiscoverView.swift */ = {isa = PBXFileReference; lastKnownFileType = sourcecode.swift; path = DiscoverView.swift; sourceTree = "<group>"; };
		C040A9762802C76B00026D2E /* PersonalGalleryView.swift */ = {isa = PBXFileReference; lastKnownFileType = sourcecode.swift; path = PersonalGalleryView.swift; sourceTree = "<group>"; };
		C040A9782802C77800026D2E /* LogInView.swift */ = {isa = PBXFileReference; lastKnownFileType = sourcecode.swift; path = LogInView.swift; sourceTree = "<group>"; };
		C040A97A2802C78C00026D2E /* SettingsView.swift */ = {isa = PBXFileReference; lastKnownFileType = sourcecode.swift; path = SettingsView.swift; sourceTree = "<group>"; };
		C040A97C2802C7CF00026D2E /* SelectedCollection.swift */ = {isa = PBXFileReference; lastKnownFileType = sourcecode.swift; path = SelectedCollection.swift; sourceTree = "<group>"; };
		C07965E427F5F301001A252B /* NFTGallery.app */ = {isa = PBXFileReference; explicitFileType = wrapper.application; includeInIndex = 0; path = NFTGallery.app; sourceTree = BUILT_PRODUCTS_DIR; };
		C07965E727F5F301001A252B /* AppDelegate.swift */ = {isa = PBXFileReference; lastKnownFileType = sourcecode.swift; path = AppDelegate.swift; sourceTree = "<group>"; };
		C07965E927F5F301001A252B /* ContentView.swift */ = {isa = PBXFileReference; lastKnownFileType = sourcecode.swift; path = ContentView.swift; sourceTree = "<group>"; };
		C07965EB27F5F301001A252B /* Experience.rcproject */ = {isa = PBXFileReference; lastKnownFileType = file.rcproject; path = Experience.rcproject; sourceTree = "<group>"; };
		C07965ED27F5F304001A252B /* Assets.xcassets */ = {isa = PBXFileReference; lastKnownFileType = folder.assetcatalog; path = Assets.xcassets; sourceTree = "<group>"; };
		C07965F027F5F304001A252B /* Preview Assets.xcassets */ = {isa = PBXFileReference; lastKnownFileType = folder.assetcatalog; path = "Preview Assets.xcassets"; sourceTree = "<group>"; };
/* End PBXFileReference section */

/* Begin PBXFrameworksBuildPhase section */
		C07965E127F5F301001A252B /* Frameworks */ = {
			isa = PBXFrameworksBuildPhase;
			buildActionMask = 2147483647;
			files = (
			);
			runOnlyForDeploymentPostprocessing = 0;
		};
/* End PBXFrameworksBuildPhase section */

/* Begin PBXGroup section */
		C040A9732802C72E00026D2E /* Views */ = {
			isa = PBXGroup;
			children = (
				C040A9742802C74E00026D2E /* DiscoverView.swift */,
				C040A9762802C76B00026D2E /* PersonalGalleryView.swift */,
				C040A9782802C77800026D2E /* LogInView.swift */,
				C040A97A2802C78C00026D2E /* SettingsView.swift */,
				C040A97C2802C7CF00026D2E /* SelectedCollection.swift */,
			);
			path = Views;
			sourceTree = "<group>";
		};
		C07965DB27F5F301001A252B = {
			isa = PBXGroup;
			children = (
				C07965E627F5F301001A252B /* NFTGallery */,
				C07965E527F5F301001A252B /* Products */,
			);
			sourceTree = "<group>";
		};
		C07965E527F5F301001A252B /* Products */ = {
			isa = PBXGroup;
			children = (
				C07965E427F5F301001A252B /* NFTGallery.app */,
			);
			name = Products;
			sourceTree = "<group>";
		};
		C07965E627F5F301001A252B /* NFTGallery */ = {
			isa = PBXGroup;
			children = (
				C040A9732802C72E00026D2E /* Views */,
				C07965E727F5F301001A252B /* AppDelegate.swift */,
				C07965E927F5F301001A252B /* ContentView.swift */,
				C07965EB27F5F301001A252B /* Experience.rcproject */,
				C07965ED27F5F304001A252B /* Assets.xcassets */,
				C07965EF27F5F304001A252B /* Preview Content */,
			);
			path = NFTGallery;
			sourceTree = "<group>";
		};
		C07965EF27F5F304001A252B /* Preview Content */ = {
			isa = PBXGroup;
			children = (
				C07965F027F5F304001A252B /* Preview Assets.xcassets */,
			);
			path = "Preview Content";
			sourceTree = "<group>";
		};
/* End PBXGroup section */

/* Begin PBXNativeTarget section */
		C07965E327F5F301001A252B /* NFTGallery */ = {
			isa = PBXNativeTarget;
			buildConfigurationList = C07965F427F5F304001A252B /* Build configuration list for PBXNativeTarget "NFTGallery" */;
			buildPhases = (
				C07965E027F5F301001A252B /* Sources */,
				C07965E127F5F301001A252B /* Frameworks */,
				C07965E227F5F301001A252B /* Resources */,
			);
			buildRules = (
			);
			dependencies = (
			);
			name = NFTGallery;
			productName = NFTGallery;
			productReference = C07965E427F5F301001A252B /* NFTGallery.app */;
			productType = "com.apple.product-type.application";
		};
/* End PBXNativeTarget section */

/* Begin PBXProject section */
		C07965DC27F5F301001A252B /* Project object */ = {
			isa = PBXProject;
			attributes = {
				BuildIndependentTargetsInParallel = 1;
				LastSwiftUpdateCheck = 1330;
				LastUpgradeCheck = 1330;
				TargetAttributes = {
					C07965E327F5F301001A252B = {
						CreatedOnToolsVersion = 13.3;
					};
				};
			};
			buildConfigurationList = C07965DF27F5F301001A252B /* Build configuration list for PBXProject "NFTGallery" */;
			compatibilityVersion = "Xcode 13.0";
			developmentRegion = en;
			hasScannedForEncodings = 0;
			knownRegions = (
				en,
				Base,
			);
			mainGroup = C07965DB27F5F301001A252B;
			productRefGroup = C07965E527F5F301001A252B /* Products */;
			projectDirPath = "";
			projectRoot = "";
			targets = (
				C07965E327F5F301001A252B /* NFTGallery */,
			);
		};
/* End PBXProject section */

/* Begin PBXResourcesBuildPhase section */
		C07965E227F5F301001A252B /* Resources */ = {
			isa = PBXResourcesBuildPhase;
			buildActionMask = 2147483647;
			files = (
				C07965F127F5F304001A252B /* Preview Assets.xcassets in Resources */,
				C07965EE27F5F304001A252B /* Assets.xcassets in Resources */,
			);
			runOnlyForDeploymentPostprocessing = 0;
		};
/* End PBXResourcesBuildPhase section */

/* Begin PBXSourcesBuildPhase section */
		C07965E027F5F301001A252B /* Sources */ = {
			isa = PBXSourcesBuildPhase;
			buildActionMask = 2147483647;
			files = (
				C040A97D2802C7CF00026D2E /* SelectedCollection.swift in Sources */,
				C040A97B2802C78C00026D2E /* SettingsView.swift in Sources */,
				C040A9792802C77800026D2E /* LogInView.swift in Sources */,
				C07965EA27F5F301001A252B /* ContentView.swift in Sources */,
				C07965E827F5F301001A252B /* AppDelegate.swift in Sources */,
				C040A9772802C76B00026D2E /* PersonalGalleryView.swift in Sources */,
				C07965EC27F5F301001A252B /* Experience.rcproject in Sources */,
				C040A9752802C74E00026D2E /* DiscoverView.swift in Sources */,
			);
			runOnlyForDeploymentPostprocessing = 0;
		};
/* End PBXSourcesBuildPhase section */

/* Begin XCBuildConfiguration section */
		C07965F227F5F304001A252B /* Debug */ = {
			isa = XCBuildConfiguration;
			buildSettings = {
				ALWAYS_SEARCH_USER_PATHS = NO;
				CLANG_ANALYZER_NONNULL = YES;
				CLANG_ANALYZER_NUMBER_OBJECT_CONVERSION = YES_AGGRESSIVE;
				CLANG_CXX_LANGUAGE_STANDARD = "gnu++17";
				CLANG_ENABLE_MODULES = YES;
				CLANG_ENABLE_OBJC_ARC = YES;
				CLANG_ENABLE_OBJC_WEAK = YES;
				CLANG_WARN_BLOCK_CAPTURE_AUTORELEASING = YES;
				CLANG_WARN_BOOL_CONVERSION = YES;
				CLANG_WARN_COMMA = YES;
				CLANG_WARN_CONSTANT_CONVERSION = YES;
				CLANG_WARN_DEPRECATED_OBJC_IMPLEMENTATIONS = YES;
				CLANG_WARN_DIRECT_OBJC_ISA_USAGE = YES_ERROR;
				CLANG_WARN_DOCUMENTATION_COMMENTS = YES;
				CLANG_WARN_EMPTY_BODY = YES;
				CLANG_WARN_ENUM_CONVERSION = YES;
				CLANG_WARN_INFINITE_RECURSION = YES;
				CLANG_WARN_INT_CONVERSION = YES;
				CLANG_WARN_NON_LITERAL_NULL_CONVERSION = YES;
				CLANG_WARN_OBJC_IMPLICIT_RETAIN_SELF = YES;
				CLANG_WARN_OBJC_LITERAL_CONVERSION = YES;
				CLANG_WARN_OBJC_ROOT_CLASS = YES_ERROR;
				CLANG_WARN_QUOTED_INCLUDE_IN_FRAMEWORK_HEADER = YES;
				CLANG_WARN_RANGE_LOOP_ANALYSIS = YES;
				CLANG_WARN_STRICT_PROTOTYPES = YES;
				CLANG_WARN_SUSPICIOUS_MOVE = YES;
				CLANG_WARN_UNGUARDED_AVAILABILITY = YES_AGGRESSIVE;
				CLANG_WARN_UNREACHABLE_CODE = YES;
				CLANG_WARN__DUPLICATE_METHOD_MATCH = YES;
				COPY_PHASE_STRIP = NO;
				DEBUG_INFORMATION_FORMAT = dwarf;
				ENABLE_STRICT_OBJC_MSGSEND = YES;
				ENABLE_TESTABILITY = YES;
				GCC_C_LANGUAGE_STANDARD = gnu11;
				GCC_DYNAMIC_NO_PIC = NO;
				GCC_NO_COMMON_BLOCKS = YES;
				GCC_OPTIMIZATION_LEVEL = 0;
				GCC_PREPROCESSOR_DEFINITIONS = (
					"DEBUG=1",
					"$(inherited)",
				);
				GCC_WARN_64_TO_32_BIT_CONVERSION = YES;
				GCC_WARN_ABOUT_RETURN_TYPE = YES_ERROR;
				GCC_WARN_UNDECLARED_SELECTOR = YES;
				GCC_WARN_UNINITIALIZED_AUTOS = YES_AGGRESSIVE;
				GCC_WARN_UNUSED_FUNCTION = YES;
				GCC_WARN_UNUSED_VARIABLE = YES;
				IPHONEOS_DEPLOYMENT_TARGET = 15.4;
				MTL_ENABLE_DEBUG_INFO = INCLUDE_SOURCE;
				MTL_FAST_MATH = YES;
				ONLY_ACTIVE_ARCH = YES;
				SDKROOT = iphoneos;
				SWIFT_ACTIVE_COMPILATION_CONDITIONS = DEBUG;
				SWIFT_OPTIMIZATION_LEVEL = "-Onone";
			};
			name = Debug;
		};
		C07965F327F5F304001A252B /* Release */ = {
			isa = XCBuildConfiguration;
			buildSettings = {
				ALWAYS_SEARCH_USER_PATHS = NO;
				CLANG_ANALYZER_NONNULL = YES;
				CLANG_ANALYZER_NUMBER_OBJECT_CONVERSION = YES_AGGRESSIVE;
				CLANG_CXX_LANGUAGE_STANDARD = "gnu++17";
				CLANG_ENABLE_MODULES = YES;
				CLANG_ENABLE_OBJC_ARC = YES;
				CLANG_ENABLE_OBJC_WEAK = YES;
				CLANG_WARN_BLOCK_CAPTURE_AUTORELEASING = YES;
				CLANG_WARN_BOOL_CONVERSION = YES;
				CLANG_WARN_COMMA = YES;
				CLANG_WARN_CONSTANT_CONVERSION = YES;
				CLANG_WARN_DEPRECATED_OBJC_IMPLEMENTATIONS = YES;
				CLANG_WARN_DIRECT_OBJC_ISA_USAGE = YES_ERROR;
				CLANG_WARN_DOCUMENTATION_COMMENTS = YES;
				CLANG_WARN_EMPTY_BODY = YES;
				CLANG_WARN_ENUM_CONVERSION = YES;
				CLANG_WARN_INFINITE_RECURSION = YES;
				CLANG_WARN_INT_CONVERSION = YES;
				CLANG_WARN_NON_LITERAL_NULL_CONVERSION = YES;
				CLANG_WARN_OBJC_IMPLICIT_RETAIN_SELF = YES;
				CLANG_WARN_OBJC_LITERAL_CONVERSION = YES;
				CLANG_WARN_OBJC_ROOT_CLASS = YES_ERROR;
				CLANG_WARN_QUOTED_INCLUDE_IN_FRAMEWORK_HEADER = YES;
				CLANG_WARN_RANGE_LOOP_ANALYSIS = YES;
				CLANG_WARN_STRICT_PROTOTYPES = YES;
				CLANG_WARN_SUSPICIOUS_MOVE = YES;
				CLANG_WARN_UNGUARDED_AVAILABILITY = YES_AGGRESSIVE;
				CLANG_WARN_UNREACHABLE_CODE = YES;
				CLANG_WARN__DUPLICATE_METHOD_MATCH = YES;
				COPY_PHASE_STRIP = NO;
				DEBUG_INFORMATION_FORMAT = "dwarf-with-dsym";
				ENABLE_NS_ASSERTIONS = NO;
				ENABLE_STRICT_OBJC_MSGSEND = YES;
				GCC_C_LANGUAGE_STANDARD = gnu11;
				GCC_NO_COMMON_BLOCKS = YES;
				GCC_WARN_64_TO_32_BIT_CONVERSION = YES;
				GCC_WARN_ABOUT_RETURN_TYPE = YES_ERROR;
				GCC_WARN_UNDECLARED_SELECTOR = YES;
				GCC_WARN_UNINITIALIZED_AUTOS = YES_AGGRESSIVE;
				GCC_WARN_UNUSED_FUNCTION = YES;
				GCC_WARN_UNUSED_VARIABLE = YES;
				IPHONEOS_DEPLOYMENT_TARGET = 15.4;
				MTL_ENABLE_DEBUG_INFO = NO;
				MTL_FAST_MATH = YES;
				SDKROOT = iphoneos;
				SWIFT_COMPILATION_MODE = wholemodule;
				SWIFT_OPTIMIZATION_LEVEL = "-O";
				VALIDATE_PRODUCT = YES;
			};
			name = Release;
		};
		C07965F527F5F304001A252B /* Debug */ = {
			isa = XCBuildConfiguration;
			buildSettings = {
				ASSETCATALOG_COMPILER_APPICON_NAME = AppIcon;
				ASSETCATALOG_COMPILER_GLOBAL_ACCENT_COLOR_NAME = AccentColor;
				CODE_SIGN_STYLE = Automatic;
				CURRENT_PROJECT_VERSION = 1;
				DEVELOPMENT_ASSET_PATHS = "\"NFTGallery/Preview Content\"";
				DEVELOPMENT_TEAM = 3SJPB5MHR5;
				ENABLE_PREVIEWS = YES;
				GENERATE_INFOPLIST_FILE = YES;
				INFOPLIST_KEY_NSCameraUsageDescription = "";
				INFOPLIST_KEY_UIApplicationSupportsIndirectInputEvents = YES;
				INFOPLIST_KEY_UILaunchScreen_Generation = YES;
				INFOPLIST_KEY_UIRequiredDeviceCapabilities = arkit;
				INFOPLIST_KEY_UIStatusBarHidden = YES;
				INFOPLIST_KEY_UISupportedInterfaceOrientations_iPad = "UIInterfaceOrientationPortrait UIInterfaceOrientationPortraitUpsideDown UIInterfaceOrientationLandscapeLeft UIInterfaceOrientationLandscapeRight";
				INFOPLIST_KEY_UISupportedInterfaceOrientations_iPhone = "UIInterfaceOrientationPortrait UIInterfaceOrientationLandscapeLeft UIInterfaceOrientationLandscapeRight";
				LD_RUNPATH_SEARCH_PATHS = (
					"$(inherited)",
					"@executable_path/Frameworks",
				);
				MARKETING_VERSION = 1.0;
				PRODUCT_BUNDLE_IDENTIFIER = com.RoCaGroup.NFTGallery.NFTGallery;
				PRODUCT_NAME = "$(TARGET_NAME)";
				SWIFT_EMIT_LOC_STRINGS = YES;
				SWIFT_VERSION = 5.0;
				TARGETED_DEVICE_FAMILY = "1,2";
			};
			name = Debug;
		};
		C07965F627F5F304001A252B /* Release */ = {
			isa = XCBuildConfiguration;
			buildSettings = {
				ASSETCATALOG_COMPILER_APPICON_NAME = AppIcon;
				ASSETCATALOG_COMPILER_GLOBAL_ACCENT_COLOR_NAME = AccentColor;
				CODE_SIGN_STYLE = Automatic;
				CURRENT_PROJECT_VERSION = 1;
				DEVELOPMENT_ASSET_PATHS = "\"NFTGallery/Preview Content\"";
				DEVELOPMENT_TEAM = 3SJPB5MHR5;
				ENABLE_PREVIEWS = YES;
				GENERATE_INFOPLIST_FILE = YES;
				INFOPLIST_KEY_NSCameraUsageDescription = "";
				INFOPLIST_KEY_UIApplicationSupportsIndirectInputEvents = YES;
				INFOPLIST_KEY_UILaunchScreen_Generation = YES;
				INFOPLIST_KEY_UIRequiredDeviceCapabilities = arkit;
				INFOPLIST_KEY_UIStatusBarHidden = YES;
				INFOPLIST_KEY_UISupportedInterfaceOrientations_iPad = "UIInterfaceOrientationPortrait UIInterfaceOrientationPortraitUpsideDown UIInterfaceOrientationLandscapeLeft UIInterfaceOrientationLandscapeRight";
				INFOPLIST_KEY_UISupportedInterfaceOrientations_iPhone = "UIInterfaceOrientationPortrait UIInterfaceOrientationLandscapeLeft UIInterfaceOrientationLandscapeRight";
				LD_RUNPATH_SEARCH_PATHS = (
					"$(inherited)",
					"@executable_path/Frameworks",
				);
				MARKETING_VERSION = 1.0;
				PRODUCT_BUNDLE_IDENTIFIER = com.RoCaGroup.NFTGallery.NFTGallery;
				PRODUCT_NAME = "$(TARGET_NAME)";
				SWIFT_EMIT_LOC_STRINGS = YES;
				SWIFT_VERSION = 5.0;
				TARGETED_DEVICE_FAMILY = "1,2";
			};
			name = Release;
		};
/* End XCBuildConfiguration section */

/* Begin XCConfigurationList section */
		C07965DF27F5F301001A252B /* Build configuration list for PBXProject "NFTGallery" */ = {
			isa = XCConfigurationList;
			buildConfigurations = (
				C07965F227F5F304001A252B /* Debug */,
				C07965F327F5F304001A252B /* Release */,
			);
			defaultConfigurationIsVisible = 0;
			defaultConfigurationName = Release;
		};
		C07965F427F5F304001A252B /* Build configuration list for PBXNativeTarget "NFTGallery" */ = {
			isa = XCConfigurationList;
			buildConfigurations = (
				C07965F527F5F304001A252B /* Debug */,
				C07965F627F5F304001A252B /* Release */,
			);
			defaultConfigurationIsVisible = 0;
			defaultConfigurationName = Release;
		};
/* End XCConfigurationList section */
	};
	rootObject = C07965DC27F5F301001A252B /* Project object */;
}
